
Microsoft Visual Studio Solution File, Format Version 12.00
# Visual Studio Version 17
VisualStudioVersion = 17.3.32929.385
MinimumVisualStudioVersion = 10.0.40219.1
Project("{FAE04EC0-301F-11D3-BF4B-00C04F79EFBC}") = "RecruitSlaves", "RecruitSlaves.csproj", "{AF498731-4FF9-4BA6-BE65-28BE8E1379D1}"
EndProject
Global
	GlobalSection(SolutionConfigurationPlatforms) = preSolution
		Debug|Any CPU = Debug|Any CPU
		Release|Any CPU = Release|Any CPU
	EndGlobalSection
	GlobalSection(ProjectConfigurationPlatforms) = postSolution
		{AF498731-4FF9-4BA6-BE65-28BE8E1379D1}.Debug|Any CPU.ActiveCfg = Debug|Any CPU
		{AF498731-4FF9-4BA6-BE65-28BE8E1379D1}.Debug|Any CPU.Build.0 = Debug|Any CPU
		{AF498731-4FF9-4BA6-BE65-28BE8E1379D1}.Release|Any CPU.ActiveCfg = Release|Any CPU
		{AF498731-4FF9-4BA6-BE65-28BE8E1379D1}.Release|Any CPU.Build.0 = Release|Any CPU
	EndGlobalSection
	GlobalSection(SolutionProperties) = preSolution
		HideSolutionNode = FALSE
	EndGlobalSection
	GlobalSection(ExtensibilityGlobals) = postSolution
		SolutionGuid = {219FE652-F99C-4AD3-B70E-54D8252C3117}
	EndGlobalSection
EndGlobal
